
Microsoft Visual Studio Solution File, Format Version 12.00
# Visual Studio Version 17
VisualStudioVersion = 17.9.34723.18
MinimumVisualStudioVersion = 10.0.40219.1
Project("{FAE04EC0-301F-11D3-BF4B-00C04F79EFBC}") = "HotelManagement", "HotelManagement.csproj", "{423205EB-DEC6-4057-97D1-29C4757EC61F}"
EndProject
Global
	GlobalSection(SolutionConfigurationPlatforms) = preSolution
		Debug|Any CPU = Debug|Any CPU
		Release|Any CPU = Release|Any CPU
	EndGlobalSection
	GlobalSection(ProjectConfigurationPlatforms) = postSolution
		{423205EB-DEC6-4057-97D1-29C4757EC61F}.Debug|Any CPU.ActiveCfg = Debug|Any CPU
		{423205EB-DEC6-4057-97D1-29C4757EC61F}.Debug|Any CPU.Build.0 = Debug|Any CPU
		{423205EB-DEC6-4057-97D1-29C4757EC61F}.Release|Any CPU.ActiveCfg = Release|Any CPU
		{423205EB-DEC6-4057-97D1-29C4757EC61F}.Release|Any CPU.Build.0 = Release|Any CPU
	EndGlobalSection
	GlobalSection(SolutionProperties) = preSolution
		HideSolutionNode = FALSE
	EndGlobalSection
	GlobalSection(ExtensibilityGlobals) = postSolution
		SolutionGuid = {7C50C459-23E9-4662-9E6E-5328F77E9E3E}
	EndGlobalSection
EndGlobal
